// !$*UTF8*$!
{
	archiveVersion = 1;
	classes = {
	};
	objectVersion = 56;
	objects = {

/* Begin PBXBuildFile section */
		4EF30C832C7EC4AA0039F0E4 /* AirVetSwiftUIApp.swift in Sources */ = {isa = PBXBuildFile; fileRef = 4EF30C822C7EC4AA0039F0E4 /* AirVetSwiftUIApp.swift */; };
		4EF30C852C7EC4AA0039F0E4 /* ContentView.swift in Sources */ = {isa = PBXBuildFile; fileRef = 4EF30C842C7EC4AA0039F0E4 /* ContentView.swift */; };
		4EF30C872C7EC4AB0039F0E4 /* Assets.xcassets in Resources */ = {isa = PBXBuildFile; fileRef = 4EF30C862C7EC4AB0039F0E4 /* Assets.xcassets */; };
		4EF30C8A2C7EC4AB0039F0E4 /* Preview Assets.xcassets in Resources */ = {isa = PBXBuildFile; fileRef = 4EF30C892C7EC4AB0039F0E4 /* Preview Assets.xcassets */; };
		4EF30C942C7EC4AB0039F0E4 /* AirVetSwiftUITests.swift in Sources */ = {isa = PBXBuildFile; fileRef = 4EF30C932C7EC4AB0039F0E4 /* AirVetSwiftUITests.swift */; };
		4EF30C9E2C7EC4AB0039F0E4 /* AirVetSwiftUIUITests.swift in Sources */ = {isa = PBXBuildFile; fileRef = 4EF30C9D2C7EC4AB0039F0E4 /* AirVetSwiftUIUITests.swift */; };
		4EF30CA02C7EC4AB0039F0E4 /* AirVetSwiftUIUITestsLaunchTests.swift in Sources */ = {isa = PBXBuildFile; fileRef = 4EF30C9F2C7EC4AB0039F0E4 /* AirVetSwiftUIUITestsLaunchTests.swift */; };
		4EF30CAD2C7EC4C00039F0E4 /* TaskModel.swift in Sources */ = {isa = PBXBuildFile; fileRef = 4EF30CAC2C7EC4C00039F0E4 /* TaskModel.swift */; };
		4EF30CAF2C7EC4E10039F0E4 /* TaskListViewModel.swift in Sources */ = {isa = PBXBuildFile; fileRef = 4EF30CAE2C7EC4E10039F0E4 /* TaskListViewModel.swift */; };
/* End PBXBuildFile section */

/* Begin PBXContainerItemProxy section */
		4EF30C902C7EC4AB0039F0E4 /* PBXContainerItemProxy */ = {
			isa = PBXContainerItemProxy;
			containerPortal = 4EF30C772C7EC4AA0039F0E4 /* Project object */;
			proxyType = 1;
			remoteGlobalIDString = 4EF30C7E2C7EC4AA0039F0E4;
			remoteInfo = AirVetSwiftUI;
		};
		4EF30C9A2C7EC4AB0039F0E4 /* PBXContainerItemProxy */ = {
			isa = PBXContainerItemProxy;
			containerPortal = 4EF30C772C7EC4AA0039F0E4 /* Project object */;
			proxyType = 1;
			remoteGlobalIDString = 4EF30C7E2C7EC4AA0039F0E4;
			remoteInfo = AirVetSwiftUI;
		};
/* End PBXContainerItemProxy section */

/* Begin PBXFileReference section */
		4EF30C7F2C7EC4AA0039F0E4 /* AirVetSwiftUI.app */ = {isa = PBXFileReference; explicitFileType = wrapper.application; includeInIndex = 0; path = AirVetSwiftUI.app; sourceTree = BUILT_PRODUCTS_DIR; };
		4EF30C822C7EC4AA0039F0E4 /* AirVetSwiftUIApp.swift */ = {isa = PBXFileReference; lastKnownFileType = sourcecode.swift; path = AirVetSwiftUIApp.swift; sourceTree = "<group>"; };
		4EF30C842C7EC4AA0039F0E4 /* ContentView.swift */ = {isa = PBXFileReference; lastKnownFileType = sourcecode.swift; path = ContentView.swift; sourceTree = "<group>"; };
		4EF30C862C7EC4AB0039F0E4 /* Assets.xcassets */ = {isa = PBXFileReference; lastKnownFileType = folder.assetcatalog; path = Assets.xcassets; sourceTree = "<group>"; };
		4EF30C892C7EC4AB0039F0E4 /* Preview Assets.xcassets */ = {isa = PBXFileReference; lastKnownFileType = folder.assetcatalog; path = "Preview Assets.xcassets"; sourceTree = "<group>"; };
		4EF30C8F2C7EC4AB0039F0E4 /* AirVetSwiftUITests.xctest */ = {isa = PBXFileReference; explicitFileType = wrapper.cfbundle; includeInIndex = 0; path = AirVetSwiftUITests.xctest; sourceTree = BUILT_PRODUCTS_DIR; };
		4EF30C932C7EC4AB0039F0E4 /* AirVetSwiftUITests.swift */ = {isa = PBXFileReference; lastKnownFileType = sourcecode.swift; path = AirVetSwiftUITests.swift; sourceTree = "<group>"; };
		4EF30C992C7EC4AB0039F0E4 /* AirVetSwiftUIUITests.xctest */ = {isa = PBXFileReference; explicitFileType = wrapper.cfbundle; includeInIndex = 0; path = AirVetSwiftUIUITests.xctest; sourceTree = BUILT_PRODUCTS_DIR; };
		4EF30C9D2C7EC4AB0039F0E4 /* AirVetSwiftUIUITests.swift */ = {isa = PBXFileReference; lastKnownFileType = sourcecode.swift; path = AirVetSwiftUIUITests.swift; sourceTree = "<group>"; };
		4EF30C9F2C7EC4AB0039F0E4 /* AirVetSwiftUIUITestsLaunchTests.swift */ = {isa = PBXFileReference; lastKnownFileType = sourcecode.swift; path = AirVetSwiftUIUITestsLaunchTests.swift; sourceTree = "<group>"; };
		4EF30CAC2C7EC4C00039F0E4 /* TaskModel.swift */ = {isa = PBXFileReference; lastKnownFileType = sourcecode.swift; path = TaskModel.swift; sourceTree = "<group>"; };
		4EF30CAE2C7EC4E10039F0E4 /* TaskListViewModel.swift */ = {isa = PBXFileReference; lastKnownFileType = sourcecode.swift; path = TaskListViewModel.swift; sourceTree = "<group>"; };
/* End PBXFileReference section */

/* Begin PBXFrameworksBuildPhase section */
		4EF30C7C2C7EC4AA0039F0E4 /* Frameworks */ = {
			isa = PBXFrameworksBuildPhase;
			buildActionMask = 2147483647;
			files = (
			);
			runOnlyForDeploymentPostprocessing = 0;
		};
		4EF30C8C2C7EC4AB0039F0E4 /* Frameworks */ = {
			isa = PBXFrameworksBuildPhase;
			buildActionMask = 2147483647;
			files = (
			);
			runOnlyForDeploymentPostprocessing = 0;
		};
		4EF30C962C7EC4AB0039F0E4 /* Frameworks */ = {
			isa = PBXFrameworksBuildPhase;
			buildActionMask = 2147483647;
			files = (
			);
			runOnlyForDeploymentPostprocessing = 0;
		};
/* End PBXFrameworksBuildPhase section */

/* Begin PBXGroup section */
		4EF30C762C7EC4AA0039F0E4 = {
			isa = PBXGroup;
			children = (
				4EF30C812C7EC4AA0039F0E4 /* AirVetSwiftUI */,
				4EF30C922C7EC4AB0039F0E4 /* AirVetSwiftUITests */,
				4EF30C9C2C7EC4AB0039F0E4 /* AirVetSwiftUIUITests */,
				4EF30C802C7EC4AA0039F0E4 /* Products */,
			);
			sourceTree = "<group>";
		};
		4EF30C802C7EC4AA0039F0E4 /* Products */ = {
			isa = PBXGroup;
			children = (
				4EF30C7F2C7EC4AA0039F0E4 /* AirVetSwiftUI.app */,
				4EF30C8F2C7EC4AB0039F0E4 /* AirVetSwiftUITests.xctest */,
				4EF30C992C7EC4AB0039F0E4 /* AirVetSwiftUIUITests.xctest */,
			);
			name = Products;
			sourceTree = "<group>";
		};
		4EF30C812C7EC4AA0039F0E4 /* AirVetSwiftUI */ = {
			isa = PBXGroup;
			children = (
				4EF30C822C7EC4AA0039F0E4 /* AirVetSwiftUIApp.swift */,
				4EF30C842C7EC4AA0039F0E4 /* ContentView.swift */,
				4EF30C862C7EC4AB0039F0E4 /* Assets.xcassets */,
				4EF30C882C7EC4AB0039F0E4 /* Preview Content */,
				4EF30CAC2C7EC4C00039F0E4 /* TaskModel.swift */,
				4EF30CAE2C7EC4E10039F0E4 /* TaskListViewModel.swift */,
			);
			path = AirVetSwiftUI;
			sourceTree = "<group>";
		};
		4EF30C882C7EC4AB0039F0E4 /* Preview Content */ = {
			isa = PBXGroup;
			children = (
				4EF30C892C7EC4AB0039F0E4 /* Preview Assets.xcassets */,
			);
			path = "Preview Content";
			sourceTree = "<group>";
		};
		4EF30C922C7EC4AB0039F0E4 /* AirVetSwiftUITests */ = {
			isa = PBXGroup;
			children = (
				4EF30C932C7EC4AB0039F0E4 /* AirVetSwiftUITests.swift */,
			);
			path = AirVetSwiftUITests;
			sourceTree = "<group>";
		};
		4EF30C9C2C7EC4AB0039F0E4 /* AirVetSwiftUIUITests */ = {
			isa = PBXGroup;
			children = (
				4EF30C9D2C7EC4AB0039F0E4 /* AirVetSwiftUIUITests.swift */,
				4EF30C9F2C7EC4AB0039F0E4 /* AirVetSwiftUIUITestsLaunchTests.swift */,
			);
			path = AirVetSwiftUIUITests;
			sourceTree = "<group>";
		};
/* End PBXGroup section */

/* Begin PBXNativeTarget section */
		4EF30C7E2C7EC4AA0039F0E4 /* AirVetSwiftUI */ = {
			isa = PBXNativeTarget;
			buildConfigurationList = 4EF30CA32C7EC4AB0039F0E4 /* Build configuration list for PBXNativeTarget "AirVetSwiftUI" */;
			buildPhases = (
				4EF30C7B2C7EC4AA0039F0E4 /* Sources */,
				4EF30C7C2C7EC4AA0039F0E4 /* Frameworks */,
				4EF30C7D2C7EC4AA0039F0E4 /* Resources */,
			);
			buildRules = (
			);
			dependencies = (
			);
			name = AirVetSwiftUI;
			productName = AirVetSwiftUI;
			productReference = 4EF30C7F2C7EC4AA0039F0E4 /* AirVetSwiftUI.app */;
			productType = "com.apple.product-type.application";
		};
		4EF30C8E2C7EC4AB0039F0E4 /* AirVetSwiftUITests */ = {
			isa = PBXNativeTarget;
			buildConfigurationList = 4EF30CA62C7EC4AB0039F0E4 /* Build configuration list for PBXNativeTarget "AirVetSwiftUITests" */;
			buildPhases = (
				4EF30C8B2C7EC4AB0039F0E4 /* Sources */,
				4EF30C8C2C7EC4AB0039F0E4 /* Frameworks */,
				4EF30C8D2C7EC4AB0039F0E4 /* Resources */,
			);
			buildRules = (
			);
			dependencies = (
				4EF30C912C7EC4AB0039F0E4 /* PBXTargetDependency */,
			);
			name = AirVetSwiftUITests;
			productName = AirVetSwiftUITests;
			productReference = 4EF30C8F2C7EC4AB0039F0E4 /* AirVetSwiftUITests.xctest */;
			productType = "com.apple.product-type.bundle.unit-test";
		};
		4EF30C982C7EC4AB0039F0E4 /* AirVetSwiftUIUITests */ = {
			isa = PBXNativeTarget;
			buildConfigurationList = 4EF30CA92C7EC4AB0039F0E4 /* Build configuration list for PBXNativeTarget "AirVetSwiftUIUITests" */;
			buildPhases = (
				4EF30C952C7EC4AB0039F0E4 /* Sources */,
				4EF30C962C7EC4AB0039F0E4 /* Frameworks */,
				4EF30C972C7EC4AB0039F0E4 /* Resources */,
			);
			buildRules = (
			);
			dependencies = (
				4EF30C9B2C7EC4AB0039F0E4 /* PBXTargetDependency */,
			);
			name = AirVetSwiftUIUITests;
			productName = AirVetSwiftUIUITests;
			productReference = 4EF30C992C7EC4AB0039F0E4 /* AirVetSwiftUIUITests.xctest */;
			productType = "com.apple.product-type.bundle.ui-testing";
		};
/* End PBXNativeTarget section */

/* Begin PBXProject section */
		4EF30C772C7EC4AA0039F0E4 /* Project object */ = {
			isa = PBXProject;
			attributes = {
				BuildIndependentTargetsInParallel = 1;
				LastSwiftUpdateCheck = 1520;
				LastUpgradeCheck = 1520;
				TargetAttributes = {
					4EF30C7E2C7EC4AA0039F0E4 = {
						CreatedOnToolsVersion = 15.2;
					};
					4EF30C8E2C7EC4AB0039F0E4 = {
						CreatedOnToolsVersion = 15.2;
						TestTargetID = 4EF30C7E2C7EC4AA0039F0E4;
					};
					4EF30C982C7EC4AB0039F0E4 = {
						CreatedOnToolsVersion = 15.2;
						TestTargetID = 4EF30C7E2C7EC4AA0039F0E4;
					};
				};
			};
			buildConfigurationList = 4EF30C7A2C7EC4AA0039F0E4 /* Build configuration list for PBXProject "AirVetSwiftUI" */;
			compatibilityVersion = "Xcode 14.0";
			developmentRegion = en;
			hasScannedForEncodings = 0;
			knownRegions = (
				en,
				Base,
			);
			mainGroup = 4EF30C762C7EC4AA0039F0E4;
			productRefGroup = 4EF30C802C7EC4AA0039F0E4 /* Products */;
			projectDirPath = "";
			projectRoot = "";
			targets = (
				4EF30C7E2C7EC4AA0039F0E4 /* AirVetSwiftUI */,
				4EF30C8E2C7EC4AB0039F0E4 /* AirVetSwiftUITests */,
				4EF30C982C7EC4AB0039F0E4 /* AirVetSwiftUIUITests */,
			);
		};
/* End PBXProject section */

/* Begin PBXResourcesBuildPhase section */
		4EF30C7D2C7EC4AA0039F0E4 /* Resources */ = {
			isa = PBXResourcesBuildPhase;
			buildActionMask = 2147483647;
			files = (
				4EF30C8A2C7EC4AB0039F0E4 /* Preview Assets.xcassets in Resources */,
				4EF30C872C7EC4AB0039F0E4 /* Assets.xcassets in Resources */,
			);
			runOnlyForDeploymentPostprocessing = 0;
		};
		4EF30C8D2C7EC4AB0039F0E4 /* Resources */ = {
			isa = PBXResourcesBuildPhase;
			buildActionMask = 2147483647;
			files = (
			);
			runOnlyForDeploymentPostprocessing = 0;
		};
		4EF30C972C7EC4AB0039F0E4 /* Resources */ = {
			isa = PBXResourcesBuildPhase;
			buildActionMask = 2147483647;
			files = (
			);
			runOnlyForDeploymentPostprocessing = 0;
		};
/* End PBXResourcesBuildPhase section */

/* Begin PBXSourcesBuildPhase section */
		4EF30C7B2C7EC4AA0039F0E4 /* Sources */ = {
			isa = PBXSourcesBuildPhase;
			buildActionMask = 2147483647;
			files = (
				4EF30CAD2C7EC4C00039F0E4 /* TaskModel.swift in Sources */,
				4EF30CAF2C7EC4E10039F0E4 /* TaskListViewModel.swift in Sources */,
				4EF30C852C7EC4AA0039F0E4 /* ContentView.swift in Sources */,
				4EF30C832C7EC4AA0039F0E4 /* AirVetSwiftUIApp.swift in Sources */,
			);
			runOnlyForDeploymentPostprocessing = 0;
		};
		4EF30C8B2C7EC4AB0039F0E4 /* Sources */ = {
			isa = PBXSourcesBuildPhase;
			buildActionMask = 2147483647;
			files = (
				4EF30C942C7EC4AB0039F0E4 /* AirVetSwiftUITests.swift in Sources */,
			);
			runOnlyForDeploymentPostprocessing = 0;
		};
		4EF30C952C7EC4AB0039F0E4 /* Sources */ = {
			isa = PBXSourcesBuildPhase;
			buildActionMask = 2147483647;
			files = (
				4EF30C9E2C7EC4AB0039F0E4 /* AirVetSwiftUIUITests.swift in Sources */,
				4EF30CA02C7EC4AB0039F0E4 /* AirVetSwiftUIUITestsLaunchTests.swift in Sources */,
			);
			runOnlyForDeploymentPostprocessing = 0;
		};
/* End PBXSourcesBuildPhase section */

/* Begin PBXTargetDependency section */
		4EF30C912C7EC4AB0039F0E4 /* PBXTargetDependency */ = {
			isa = PBXTargetDependency;
			target = 4EF30C7E2C7EC4AA0039F0E4 /* AirVetSwiftUI */;
			targetProxy = 4EF30C902C7EC4AB0039F0E4 /* PBXContainerItemProxy */;
		};
		4EF30C9B2C7EC4AB0039F0E4 /* PBXTargetDependency */ = {
			isa = PBXTargetDependency;
			target = 4EF30C7E2C7EC4AA0039F0E4 /* AirVetSwiftUI */;
			targetProxy = 4EF30C9A2C7EC4AB0039F0E4 /* PBXContainerItemProxy */;
		};
/* End PBXTargetDependency section */

/* Begin XCBuildConfiguration section */
		4EF30CA12C7EC4AB0039F0E4 /* Debug */ = {
			isa = XCBuildConfiguration;
			buildSettings = {
				ALWAYS_SEARCH_USER_PATHS = NO;
				ASSETCATALOG_COMPILER_GENERATE_SWIFT_ASSET_SYMBOL_EXTENSIONS = YES;
				CLANG_ANALYZER_NONNULL = YES;
				CLANG_ANALYZER_NUMBER_OBJECT_CONVERSION = YES_AGGRESSIVE;
				CLANG_CXX_LANGUAGE_STANDARD = "gnu++20";
				CLANG_ENABLE_MODULES = YES;
				CLANG_ENABLE_OBJC_ARC = YES;
				CLANG_ENABLE_OBJC_WEAK = YES;
				CLANG_WARN_BLOCK_CAPTURE_AUTORELEASING = YES;
				CLANG_WARN_BOOL_CONVERSION = YES;
				CLANG_WARN_COMMA = YES;
				CLANG_WARN_CONSTANT_CONVERSION = YES;
				CLANG_WARN_DEPRECATED_OBJC_IMPLEMENTATIONS = YES;
				CLANG_WARN_DIRECT_OBJC_ISA_USAGE = YES_ERROR;
				CLANG_WARN_DOCUMENTATION_COMMENTS = YES;
				CLANG_WARN_EMPTY_BODY = YES;
				CLANG_WARN_ENUM_CONVERSION = YES;
				CLANG_WARN_INFINITE_RECURSION = YES;
				CLANG_WARN_INT_CONVERSION = YES;
				CLANG_WARN_NON_LITERAL_NULL_CONVERSION = YES;
				CLANG_WARN_OBJC_IMPLICIT_RETAIN_SELF = YES;
				CLANG_WARN_OBJC_LITERAL_CONVERSION = YES;
				CLANG_WARN_OBJC_ROOT_CLASS = YES_ERROR;
				CLANG_WARN_QUOTED_INCLUDE_IN_FRAMEWORK_HEADER = YES;
				CLANG_WARN_RANGE_LOOP_ANALYSIS = YES;
				CLANG_WARN_STRICT_PROTOTYPES = YES;
				CLANG_WARN_SUSPICIOUS_MOVE = YES;
				CLANG_WARN_UNGUARDED_AVAILABILITY = YES_AGGRESSIVE;
				CLANG_WARN_UNREACHABLE_CODE = YES;
				CLANG_WARN__DUPLICATE_METHOD_MATCH = YES;
				COPY_PHASE_STRIP = NO;
				DEBUG_INFORMATION_FORMAT = dwarf;
				ENABLE_STRICT_OBJC_MSGSEND = YES;
				ENABLE_TESTABILITY = YES;
				ENABLE_USER_SCRIPT_SANDBOXING = YES;
				GCC_C_LANGUAGE_STANDARD = gnu17;
				GCC_DYNAMIC_NO_PIC = NO;
				GCC_NO_COMMON_BLOCKS = YES;
				GCC_OPTIMIZATION_LEVEL = 0;
				GCC_PREPROCESSOR_DEFINITIONS = (
					"DEBUG=1",
					"$(inherited)",
				);
				GCC_WARN_64_TO_32_BIT_CONVERSION = YES;
				GCC_WARN_ABOUT_RETURN_TYPE = YES_ERROR;
				GCC_WARN_UNDECLARED_SELECTOR = YES;
				GCC_WARN_UNINITIALIZED_AUTOS = YES_AGGRESSIVE;
				GCC_WARN_UNUSED_FUNCTION = YES;
				GCC_WARN_UNUSED_VARIABLE = YES;
				IPHONEOS_DEPLOYMENT_TARGET = 17.2;
				LOCALIZATION_PREFERS_STRING_CATALOGS = YES;
				MTL_ENABLE_DEBUG_INFO = INCLUDE_SOURCE;
				MTL_FAST_MATH = YES;
				ONLY_ACTIVE_ARCH = YES;
				SDKROOT = iphoneos;
				SWIFT_ACTIVE_COMPILATION_CONDITIONS = "DEBUG $(inherited)";
				SWIFT_OPTIMIZATION_LEVEL = "-Onone";
			};
			name = Debug;
		};
		4EF30CA22C7EC4AB0039F0E4 /* Release */ = {
			isa = XCBuildConfiguration;
			buildSettings = {
				ALWAYS_SEARCH_USER_PATHS = NO;
				ASSETCATALOG_COMPILER_GENERATE_SWIFT_ASSET_SYMBOL_EXTENSIONS = YES;
				CLANG_ANALYZER_NONNULL = YES;
				CLANG_ANALYZER_NUMBER_OBJECT_CONVERSION = YES_AGGRESSIVE;
				CLANG_CXX_LANGUAGE_STANDARD = "gnu++20";
				CLANG_ENABLE_MODULES = YES;
				CLANG_ENABLE_OBJC_ARC = YES;
				CLANG_ENABLE_OBJC_WEAK = YES;
				CLANG_WARN_BLOCK_CAPTURE_AUTORELEASING = YES;
				CLANG_WARN_BOOL_CONVERSION = YES;
				CLANG_WARN_COMMA = YES;
				CLANG_WARN_CONSTANT_CONVERSION = YES;
				CLANG_WARN_DEPRECATED_OBJC_IMPLEMENTATIONS = YES;
				CLANG_WARN_DIRECT_OBJC_ISA_USAGE = YES_ERROR;
				CLANG_WARN_DOCUMENTATION_COMMENTS = YES;
				CLANG_WARN_EMPTY_BODY = YES;
				CLANG_WARN_ENUM_CONVERSION = YES;
				CLANG_WARN_INFINITE_RECURSION = YES;
				CLANG_WARN_INT_CONVERSION = YES;
				CLANG_WARN_NON_LITERAL_NULL_CONVERSION = YES;
				CLANG_WARN_OBJC_IMPLICIT_RETAIN_SELF = YES;
				CLANG_WARN_OBJC_LITERAL_CONVERSION = YES;
				CLANG_WARN_OBJC_ROOT_CLASS = YES_ERROR;
				CLANG_WARN_QUOTED_INCLUDE_IN_FRAMEWORK_HEADER = YES;
				CLANG_WARN_RANGE_LOOP_ANALYSIS = YES;
				CLANG_WARN_STRICT_PROTOTYPES = YES;
				CLANG_WARN_SUSPICIOUS_MOVE = YES;
				CLANG_WARN_UNGUARDED_AVAILABILITY = YES_AGGRESSIVE;
				CLANG_WARN_UNREACHABLE_CODE = YES;
				CLANG_WARN__DUPLICATE_METHOD_MATCH = YES;
				COPY_PHASE_STRIP = NO;
				DEBUG_INFORMATION_FORMAT = "dwarf-with-dsym";
				ENABLE_NS_ASSERTIONS = NO;
				ENABLE_STRICT_OBJC_MSGSEND = YES;
				ENABLE_USER_SCRIPT_SANDBOXING = YES;
				GCC_C_LANGUAGE_STANDARD = gnu17;
				GCC_NO_COMMON_BLOCKS = YES;
				GCC_WARN_64_TO_32_BIT_CONVERSION = YES;
				GCC_WARN_ABOUT_RETURN_TYPE = YES_ERROR;
				GCC_WARN_UNDECLARED_SELECTOR = YES;
				GCC_WARN_UNINITIALIZED_AUTOS = YES_AGGRESSIVE;
				GCC_WARN_UNUSED_FUNCTION = YES;
				GCC_WARN_UNUSED_VARIABLE = YES;
				IPHONEOS_DEPLOYMENT_TARGET = 17.2;
				LOCALIZATION_PREFERS_STRING_CATALOGS = YES;
				MTL_ENABLE_DEBUG_INFO = NO;
				MTL_FAST_MATH = YES;
				SDKROOT = iphoneos;
				SWIFT_COMPILATION_MODE = wholemodule;
				VALIDATE_PRODUCT = YES;
			};
			name = Release;
		};
		4EF30CA42C7EC4AB0039F0E4 /* Debug */ = {
			isa = XCBuildConfiguration;
			buildSettings = {
				ASSETCATALOG_COMPILER_APPICON_NAME = AppIcon;
				ASSETCATALOG_COMPILER_GLOBAL_ACCENT_COLOR_NAME = AccentColor;
				CODE_SIGN_STYLE = Automatic;
				CURRENT_PROJECT_VERSION = 1;
				DEVELOPMENT_ASSET_PATHS = "\"AirVetSwiftUI/Preview Content\"";
				ENABLE_PREVIEWS = YES;
				GENERATE_INFOPLIST_FILE = YES;
				INFOPLIST_KEY_UIApplicationSceneManifest_Generation = YES;
				INFOPLIST_KEY_UIApplicationSupportsIndirectInputEvents = YES;
				INFOPLIST_KEY_UILaunchScreen_Generation = YES;
				INFOPLIST_KEY_UISupportedInterfaceOrientations_iPad = "UIInterfaceOrientationPortrait UIInterfaceOrientationPortraitUpsideDown UIInterfaceOrientationLandscapeLeft UIInterfaceOrientationLandscapeRight";
				INFOPLIST_KEY_UISupportedInterfaceOrientations_iPhone = "UIInterfaceOrientationPortrait UIInterfaceOrientationLandscapeLeft UIInterfaceOrientationLandscapeRight";
				LD_RUNPATH_SEARCH_PATHS = (
					"$(inherited)",
					"@executable_path/Frameworks",
				);
				MARKETING_VERSION = 1.0;
				PRODUCT_BUNDLE_IDENTIFIER = com.jian.AirVetSwiftUI;
				PRODUCT_NAME = "$(TARGET_NAME)";
				SWIFT_EMIT_LOC_STRINGS = YES;
				SWIFT_VERSION = 5.0;
				TARGETED_DEVICE_FAMILY = "1,2";
			};
			name = Debug;
		};
		4EF30CA52C7EC4AB0039F0E4 /* Release */ = {
			isa = XCBuildConfiguration;
			buildSettings = {
				ASSETCATALOG_COMPILER_APPICON_NAME = AppIcon;
				ASSETCATALOG_COMPILER_GLOBAL_ACCENT_COLOR_NAME = AccentColor;
				CODE_SIGN_STYLE = Automatic;
				CURRENT_PROJECT_VERSION = 1;
				DEVELOPMENT_ASSET_PATHS = "\"AirVetSwiftUI/Preview Content\"";
				ENABLE_PREVIEWS = YES;
				GENERATE_INFOPLIST_FILE = YES;
				INFOPLIST_KEY_UIApplicationSceneManifest_Generation = YES;
				INFOPLIST_KEY_UIApplicationSupportsIndirectInputEvents = YES;
				INFOPLIST_KEY_UILaunchScreen_Generation = YES;
				INFOPLIST_KEY_UISupportedInterfaceOrientations_iPad = "UIInterfaceOrientationPortrait UIInterfaceOrientationPortraitUpsideDown UIInterfaceOrientationLandscapeLeft UIInterfaceOrientationLandscapeRight";
				INFOPLIST_KEY_UISupportedInterfaceOrientations_iPhone = "UIInterfaceOrientationPortrait UIInterfaceOrientationLandscapeLeft UIInterfaceOrientationLandscapeRight";
				LD_RUNPATH_SEARCH_PATHS = (
					"$(inherited)",
					"@executable_path/Frameworks",
				);
				MARKETING_VERSION = 1.0;
				PRODUCT_BUNDLE_IDENTIFIER = com.jian.AirVetSwiftUI;
				PRODUCT_NAME = "$(TARGET_NAME)";
				SWIFT_EMIT_LOC_STRINGS = YES;
				SWIFT_VERSION = 5.0;
				TARGETED_DEVICE_FAMILY = "1,2";
			};
			name = Release;
		};
		4EF30CA72C7EC4AB0039F0E4 /* Debug */ = {
			isa = XCBuildConfiguration;
			buildSettings = {
				ALWAYS_EMBED_SWIFT_STANDARD_LIBRARIES = YES;
				BUNDLE_LOADER = "$(TEST_HOST)";
				CODE_SIGN_STYLE = Automatic;
				CURRENT_PROJECT_VERSION = 1;
				GENERATE_INFOPLIST_FILE = YES;
				IPHONEOS_DEPLOYMENT_TARGET = 17.2;
				MARKETING_VERSION = 1.0;
				PRODUCT_BUNDLE_IDENTIFIER = com.jian.AirVetSwiftUITests;
				PRODUCT_NAME = "$(TARGET_NAME)";
				SWIFT_EMIT_LOC_STRINGS = NO;
				SWIFT_VERSION = 5.0;
				TARGETED_DEVICE_FAMILY = "1,2";
				TEST_HOST = "$(BUILT_PRODUCTS_DIR)/AirVetSwiftUI.app/$(BUNDLE_EXECUTABLE_FOLDER_PATH)/AirVetSwiftUI";
			};
			name = Debug;
		};
		4EF30CA82C7EC4AB0039F0E4 /* Release */ = {
			isa = XCBuildConfiguration;
			buildSettings = {
				ALWAYS_EMBED_SWIFT_STANDARD_LIBRARIES = YES;
				BUNDLE_LOADER = "$(TEST_HOST)";
				CODE_SIGN_STYLE = Automatic;
				CURRENT_PROJECT_VERSION = 1;
				GENERATE_INFOPLIST_FILE = YES;
				IPHONEOS_DEPLOYMENT_TARGET = 17.2;
				MARKETING_VERSION = 1.0;
				PRODUCT_BUNDLE_IDENTIFIER = com.jian.AirVetSwiftUITests;
				PRODUCT_NAME = "$(TARGET_NAME)";
				SWIFT_EMIT_LOC_STRINGS = NO;
				SWIFT_VERSION = 5.0;
				TARGETED_DEVICE_FAMILY = "1,2";
				TEST_HOST = "$(BUILT_PRODUCTS_DIR)/AirVetSwiftUI.app/$(BUNDLE_EXECUTABLE_FOLDER_PATH)/AirVetSwiftUI";
			};
			name = Release;
		};
		4EF30CAA2C7EC4AB0039F0E4 /* Debug */ = {
			isa = XCBuildConfiguration;
			buildSettings = {
				ALWAYS_EMBED_SWIFT_STANDARD_LIBRARIES = YES;
				CODE_SIGN_STYLE = Automatic;
				CURRENT_PROJECT_VERSION = 1;
				GENERATE_INFOPLIST_FILE = YES;
				MARKETING_VERSION = 1.0;
				PRODUCT_BUNDLE_IDENTIFIER = com.jian.AirVetSwiftUIUITests;
				PRODUCT_NAME = "$(TARGET_NAME)";
				SWIFT_EMIT_LOC_STRINGS = NO;
				SWIFT_VERSION = 5.0;
				TARGETED_DEVICE_FAMILY = "1,2";
				TEST_TARGET_NAME = AirVetSwiftUI;
			};
			name = Debug;
		};
		4EF30CAB2C7EC4AB0039F0E4 /* Release */ = {
			isa = XCBuildConfiguration;
			buildSettings = {
				ALWAYS_EMBED_SWIFT_STANDARD_LIBRARIES = YES;
				CODE_SIGN_STYLE = Automatic;
				CURRENT_PROJECT_VERSION = 1;
				GENERATE_INFOPLIST_FILE = YES;
				MARKETING_VERSION = 1.0;
				PRODUCT_BUNDLE_IDENTIFIER = com.jian.AirVetSwiftUIUITests;
				PRODUCT_NAME = "$(TARGET_NAME)";
				SWIFT_EMIT_LOC_STRINGS = NO;
				SWIFT_VERSION = 5.0;
				TARGETED_DEVICE_FAMILY = "1,2";
				TEST_TARGET_NAME = AirVetSwiftUI;
			};
			name = Release;
		};
/* End XCBuildConfiguration section */

/* Begin XCConfigurationList section */
		4EF30C7A2C7EC4AA0039F0E4 /* Build configuration list for PBXProject "AirVetSwiftUI" */ = {
			isa = XCConfigurationList;
			buildConfigurations = (
				4EF30CA12C7EC4AB0039F0E4 /* Debug */,
				4EF30CA22C7EC4AB0039F0E4 /* Release */,
			);
			defaultConfigurationIsVisible = 0;
			defaultConfigurationName = Release;
		};
		4EF30CA32C7EC4AB0039F0E4 /* Build configuration list for PBXNativeTarget "AirVetSwiftUI" */ = {
			isa = XCConfigurationList;
			buildConfigurations = (
				4EF30CA42C7EC4AB0039F0E4 /* Debug */,
				4EF30CA52C7EC4AB0039F0E4 /* Release */,
			);
			defaultConfigurationIsVisible = 0;
			defaultConfigurationName = Release;
		};
		4EF30CA62C7EC4AB0039F0E4 /* Build configuration list for PBXNativeTarget "AirVetSwiftUITests" */ = {
			isa = XCConfigurationList;
			buildConfigurations = (
				4EF30CA72C7EC4AB0039F0E4 /* Debug */,
				4EF30CA82C7EC4AB0039F0E4 /* Release */,
			);
			defaultConfigurationIsVisible = 0;
			defaultConfigurationName = Release;
		};
		4EF30CA92C7EC4AB0039F0E4 /* Build configuration list for PBXNativeTarget "AirVetSwiftUIUITests" */ = {
			isa = XCConfigurationList;
			buildConfigurations = (
				4EF30CAA2C7EC4AB0039F0E4 /* Debug */,
				4EF30CAB2C7EC4AB0039F0E4 /* Release */,
			);
			defaultConfigurationIsVisible = 0;
			defaultConfigurationName = Release;
		};
/* End XCConfigurationList section */
	};
	rootObject = 4EF30C772C7EC4AA0039F0E4 /* Project object */;
}
